
Microsoft Visual Studio Solution File, Format Version 12.00
# Visual Studio Version 16
VisualStudioVersion = 16.0.29920.165
MinimumVisualStudioVersion = 10.0.40219.1
Project("{FAE04EC0-301F-11D3-BF4B-00C04F79EFBC}") = "FlytteFirmaBestillingsKlient", "FlytteFirmaBestillingsKlient.csproj", "{649F89ED-D45B-4C61-AC6C-80983A127453}"
EndProject
Global
	GlobalSection(SolutionConfigurationPlatforms) = preSolution
		Debug|ARM = Debug|ARM
		Debug|ARM64 = Debug|ARM64
		Debug|x64 = Debug|x64
		Debug|x86 = Debug|x86
		Release|ARM = Release|ARM
		Release|ARM64 = Release|ARM64
		Release|x64 = Release|x64
		Release|x86 = Release|x86
	EndGlobalSection
	GlobalSection(ProjectConfigurationPlatforms) = postSolution
		{649F89ED-D45B-4C61-AC6C-80983A127453}.Debug|ARM.ActiveCfg = Debug|ARM
		{649F89ED-D45B-4C61-AC6C-80983A127453}.Debug|ARM.Build.0 = Debug|ARM
		{649F89ED-D45B-4C61-AC6C-80983A127453}.Debug|ARM.Deploy.0 = Debug|ARM
		{649F89ED-D45B-4C61-AC6C-80983A127453}.Debug|ARM64.ActiveCfg = Debug|ARM64
		{649F89ED-D45B-4C61-AC6C-80983A127453}.Debug|ARM64.Build.0 = Debug|ARM64
		{649F89ED-D45B-4C61-AC6C-80983A127453}.Debug|ARM64.Deploy.0 = Debug|ARM64
		{649F89ED-D45B-4C61-AC6C-80983A127453}.Debug|x64.ActiveCfg = Debug|x64
		{649F89ED-D45B-4C61-AC6C-80983A127453}.Debug|x64.Build.0 = Debug|x64
		{649F89ED-D45B-4C61-AC6C-80983A127453}.Debug|x64.Deploy.0 = Debug|x64
		{649F89ED-D45B-4C61-AC6C-80983A127453}.Debug|x86.ActiveCfg = Debug|x86
		{649F89ED-D45B-4C61-AC6C-80983A127453}.Debug|x86.Build.0 = Debug|x86
		{649F89ED-D45B-4C61-AC6C-80983A127453}.Debug|x86.Deploy.0 = Debug|x86
		{649F89ED-D45B-4C61-AC6C-80983A127453}.Release|ARM.ActiveCfg = Release|ARM
		{649F89ED-D45B-4C61-AC6C-80983A127453}.Release|ARM.Build.0 = Release|ARM
		{649F89ED-D45B-4C61-AC6C-80983A127453}.Release|ARM.Deploy.0 = Release|ARM
		{649F89ED-D45B-4C61-AC6C-80983A127453}.Release|ARM64.ActiveCfg = Release|ARM64
		{649F89ED-D45B-4C61-AC6C-80983A127453}.Release|ARM64.Build.0 = Release|ARM64
		{649F89ED-D45B-4C61-AC6C-80983A127453}.Release|ARM64.Deploy.0 = Release|ARM64
		{649F89ED-D45B-4C61-AC6C-80983A127453}.Release|x64.ActiveCfg = Release|x64
		{649F89ED-D45B-4C61-AC6C-80983A127453}.Release|x64.Build.0 = Release|x64
		{649F89ED-D45B-4C61-AC6C-80983A127453}.Release|x64.Deploy.0 = Release|x64
		{649F89ED-D45B-4C61-AC6C-80983A127453}.Release|x86.ActiveCfg = Release|x86
		{649F89ED-D45B-4C61-AC6C-80983A127453}.Release|x86.Build.0 = Release|x86
		{649F89ED-D45B-4C61-AC6C-80983A127453}.Release|x86.Deploy.0 = Release|x86
	EndGlobalSection
	GlobalSection(SolutionProperties) = preSolution
		HideSolutionNode = FALSE
	EndGlobalSection
	GlobalSection(ExtensibilityGlobals) = postSolution
		SolutionGuid = {AFD8BC3E-9F10-4C19-A378-1B76090A9147}
	EndGlobalSection
EndGlobal
